# This file is autogenerated, do not edit; changes may be undone by the next 'dep ensure'.


[[projects]]
  name = "github.com/davecgh/go-spew"
  packages = ["spew"]
  revision = "8991bc29aa16c548c550c7ff78260e27b9ab7c73"
  version = "v1.1.1"

[[projects]]
  name = "github.com/openzipkin/zipkin-go"
  packages = [
    ".",
    "idgenerator",
    "model",
    "propagation",
    "reporter",
  ]
  revision = "3793c981d4f621c0e3eb1457acffa2c1cc591384"
  version = "v0.1.3"

[[projects]]
  branch = "develop"
  name = "github.com/palantir/witchcraft-go-error"
  packages = [
    ".",
    "internal/errors",
  ]
  revision = "adb1d93c5741a300abbcce7883ad61f825a4f1a7"

[[projects]]
  branch = "develop"
  name = "github.com/palantir/witchcraft-go-params"
  packages = ["."]
  revision = "69ecd8453e7ae12535835677d6bfab1b07e61b93"

[[projects]]
  name = "github.com/pmezard/go-difflib"
  packages = ["difflib"]
  revision = "792786c7400a136282c1664665ae0a8db921c6c2"
  version = "v1.0.0"

[[projects]]
  name = "github.com/stretchr/testify"
  packages = [
    "assert",
    "require",
  ]
  revision = "f35b8ab0b5a2cef36673838d662e249dd9c94686"
  version = "v1.2.2"

[solve-meta]
  analyzer-name = "dep"
  analyzer-version = 1
  inputs-digest = "ee68c22e5458936c9ebc42cdce20aacab4a42294b0961f2124761653b10956f4"
  solver-name = "gps-cdcl"
  solver-version = 1
